
Microsoft Visual Studio Solution File, Format Version 12.00
# Visual Studio 14
VisualStudioVersion = 14.0.25420.1
MinimumVisualStudioVersion = 10.0.40219.1
Project("{FAE04EC0-301F-11D3-BF4B-00C04F79EFBC}") = "BusinessLayer", "BusinessLayer\BusinessLayer.csproj", "{00C93DFF-0614-4B29-A2B7-AE15C24E2E88}"
EndProject
Project("{FAE04EC0-301F-11D3-BF4B-00C04F79EFBC}") = "DataAccessLayer", "DataAccessLayer\DataAccessLayer.csproj", "{8F590192-121A-41C2-A735-EE5DC41BA1FE}"
EndProject
Project("{FAE04EC0-301F-11D3-BF4B-00C04F79EFBC}") = "ServiceLayer", "ServiceLayer\ServiceLayer.csproj", "{5DF2EE74-CD9F-48AD-AEDE-0FE50A136470}"
EndProject
Project("{FAE04EC0-301F-11D3-BF4B-00C04F79EFBC}") = "PresentationLayer", "PresentationLayer\PresentationLayer.csproj", "{2D06F6C9-6B90-4696-8831-7EA0BE36737C}"
	ProjectSection(ProjectDependencies) = postProject
		{5DF2EE74-CD9F-48AD-AEDE-0FE50A136470} = {5DF2EE74-CD9F-48AD-AEDE-0FE50A136470}
	EndProjectSection
EndProject
Project("{FAE04EC0-301F-11D3-BF4B-00C04F79EFBC}") = "WebApplication1", "WebApplication1\WebApplication1.csproj", "{F4177B0C-F489-4573-8E84-4BD5F049EF9E}"
EndProject
Project("{FAE04EC0-301F-11D3-BF4B-00C04F79EFBC}") = "ConsoleApplication1", "ConsoleApplication1\ConsoleApplication1.csproj", "{11B9A7E4-F0C2-4C1A-8EDD-C8D399DFFBF0}"
EndProject
Project("{FAE04EC0-301F-11D3-BF4B-00C04F79EFBC}") = "Serialization_Deserialization", "Serialization_Deserialization\Serialization_Deserialization.csproj", "{D2BF6E46-7851-41D0-B772-1007CEAF58F7}"
EndProject
Project("{FAE04EC0-301F-11D3-BF4B-00C04F79EFBC}") = "Test2", "Test2\Test2.csproj", "{E9F00F86-6370-4F60-B07A-7108FF1BE4BF}"
EndProject
Project("{FAE04EC0-301F-11D3-BF4B-00C04F79EFBC}") = "implementation_XSD2", "implementation_XSD2\implementation_XSD2.csproj", "{CDAC4F61-7E77-4DC9-ADBC-93F13A92B083}"
EndProject
Global
	GlobalSection(SolutionConfigurationPlatforms) = preSolution
		Debug|Any CPU = Debug|Any CPU
		Release|Any CPU = Release|Any CPU
	EndGlobalSection
	GlobalSection(ProjectConfigurationPlatforms) = postSolution
		{00C93DFF-0614-4B29-A2B7-AE15C24E2E88}.Debug|Any CPU.ActiveCfg = Debug|Any CPU
		{00C93DFF-0614-4B29-A2B7-AE15C24E2E88}.Debug|Any CPU.Build.0 = Debug|Any CPU
		{00C93DFF-0614-4B29-A2B7-AE15C24E2E88}.Release|Any CPU.ActiveCfg = Release|Any CPU
		{00C93DFF-0614-4B29-A2B7-AE15C24E2E88}.Release|Any CPU.Build.0 = Release|Any CPU
		{8F590192-121A-41C2-A735-EE5DC41BA1FE}.Debug|Any CPU.ActiveCfg = Debug|Any CPU
		{8F590192-121A-41C2-A735-EE5DC41BA1FE}.Debug|Any CPU.Build.0 = Debug|Any CPU
		{8F590192-121A-41C2-A735-EE5DC41BA1FE}.Release|Any CPU.ActiveCfg = Release|Any CPU
		{8F590192-121A-41C2-A735-EE5DC41BA1FE}.Release|Any CPU.Build.0 = Release|Any CPU
		{5DF2EE74-CD9F-48AD-AEDE-0FE50A136470}.Debug|Any CPU.ActiveCfg = Debug|Any CPU
		{5DF2EE74-CD9F-48AD-AEDE-0FE50A136470}.Debug|Any CPU.Build.0 = Debug|Any CPU
		{5DF2EE74-CD9F-48AD-AEDE-0FE50A136470}.Release|Any CPU.ActiveCfg = Release|Any CPU
		{5DF2EE74-CD9F-48AD-AEDE-0FE50A136470}.Release|Any CPU.Build.0 = Release|Any CPU
		{2D06F6C9-6B90-4696-8831-7EA0BE36737C}.Debug|Any CPU.ActiveCfg = Debug|Any CPU
		{2D06F6C9-6B90-4696-8831-7EA0BE36737C}.Debug|Any CPU.Build.0 = Debug|Any CPU
		{2D06F6C9-6B90-4696-8831-7EA0BE36737C}.Release|Any CPU.ActiveCfg = Release|Any CPU
		{2D06F6C9-6B90-4696-8831-7EA0BE36737C}.Release|Any CPU.Build.0 = Release|Any CPU
		{F4177B0C-F489-4573-8E84-4BD5F049EF9E}.Debug|Any CPU.ActiveCfg = Debug|Any CPU
		{F4177B0C-F489-4573-8E84-4BD5F049EF9E}.Debug|Any CPU.Build.0 = Debug|Any CPU
		{F4177B0C-F489-4573-8E84-4BD5F049EF9E}.Release|Any CPU.ActiveCfg = Release|Any CPU
		{F4177B0C-F489-4573-8E84-4BD5F049EF9E}.Release|Any CPU.Build.0 = Release|Any CPU
		{11B9A7E4-F0C2-4C1A-8EDD-C8D399DFFBF0}.Debug|Any CPU.ActiveCfg = Debug|Any CPU
		{11B9A7E4-F0C2-4C1A-8EDD-C8D399DFFBF0}.Debug|Any CPU.Build.0 = Debug|Any CPU
		{11B9A7E4-F0C2-4C1A-8EDD-C8D399DFFBF0}.Release|Any CPU.ActiveCfg = Release|Any CPU
		{11B9A7E4-F0C2-4C1A-8EDD-C8D399DFFBF0}.Release|Any CPU.Build.0 = Release|Any CPU
		{D2BF6E46-7851-41D0-B772-1007CEAF58F7}.Debug|Any CPU.ActiveCfg = Debug|Any CPU
		{D2BF6E46-7851-41D0-B772-1007CEAF58F7}.Debug|Any CPU.Build.0 = Debug|Any CPU
		{D2BF6E46-7851-41D0-B772-1007CEAF58F7}.Release|Any CPU.ActiveCfg = Release|Any CPU
		{D2BF6E46-7851-41D0-B772-1007CEAF58F7}.Release|Any CPU.Build.0 = Release|Any CPU
		{E9F00F86-6370-4F60-B07A-7108FF1BE4BF}.Debug|Any CPU.ActiveCfg = Debug|Any CPU
		{E9F00F86-6370-4F60-B07A-7108FF1BE4BF}.Debug|Any CPU.Build.0 = Debug|Any CPU
		{E9F00F86-6370-4F60-B07A-7108FF1BE4BF}.Release|Any CPU.ActiveCfg = Release|Any CPU
		{E9F00F86-6370-4F60-B07A-7108FF1BE4BF}.Release|Any CPU.Build.0 = Release|Any CPU
		{CDAC4F61-7E77-4DC9-ADBC-93F13A92B083}.Debug|Any CPU.ActiveCfg = Debug|Any CPU
		{CDAC4F61-7E77-4DC9-ADBC-93F13A92B083}.Debug|Any CPU.Build.0 = Debug|Any CPU
		{CDAC4F61-7E77-4DC9-ADBC-93F13A92B083}.Release|Any CPU.ActiveCfg = Release|Any CPU
		{CDAC4F61-7E77-4DC9-ADBC-93F13A92B083}.Release|Any CPU.Build.0 = Release|Any CPU
	EndGlobalSection
	GlobalSection(SolutionProperties) = preSolution
		HideSolutionNode = FALSE
	EndGlobalSection
EndGlobal
